
Microsoft Visual Studio Solution File, Format Version 12.00
# Visual Studio Version 17
VisualStudioVersion = 17.9.34728.123
MinimumVisualStudioVersion = 10.0.40219.1
Project("{FAE04EC0-301F-11D3-BF4B-00C04F79EFBC}") = "PL", "PL\PL.csproj", "{6A6B3705-85AC-477F-B7A6-9BFA8A154B54}"
EndProject
Project("{FAE04EC0-301F-11D3-BF4B-00C04F79EFBC}") = "DAL", "DAL\DAL.csproj", "{6EFF739E-B5B4-4ED4-A766-A54642D6DBA7}"
EndProject
Project("{FAE04EC0-301F-11D3-BF4B-00C04F79EFBC}") = "BLL", "BLL\BLL.csproj", "{1B7B3A74-F88B-4D80-9680-3E28A8D6C4B9}"
EndProject
Global
	GlobalSection(SolutionConfigurationPlatforms) = preSolution
		Debug|Any CPU = Debug|Any CPU
		Release|Any CPU = Release|Any CPU
	EndGlobalSection
	GlobalSection(ProjectConfigurationPlatforms) = postSolution
		{6A6B3705-85AC-477F-B7A6-9BFA8A154B54}.Debug|Any CPU.ActiveCfg = Debug|Any CPU
		{6A6B3705-85AC-477F-B7A6-9BFA8A154B54}.Debug|Any CPU.Build.0 = Debug|Any CPU
		{6A6B3705-85AC-477F-B7A6-9BFA8A154B54}.Release|Any CPU.ActiveCfg = Release|Any CPU
		{6A6B3705-85AC-477F-B7A6-9BFA8A154B54}.Release|Any CPU.Build.0 = Release|Any CPU
		{6EFF739E-B5B4-4ED4-A766-A54642D6DBA7}.Debug|Any CPU.ActiveCfg = Debug|Any CPU
		{6EFF739E-B5B4-4ED4-A766-A54642D6DBA7}.Debug|Any CPU.Build.0 = Debug|Any CPU
		{6EFF739E-B5B4-4ED4-A766-A54642D6DBA7}.Release|Any CPU.ActiveCfg = Release|Any CPU
		{6EFF739E-B5B4-4ED4-A766-A54642D6DBA7}.Release|Any CPU.Build.0 = Release|Any CPU
		{1B7B3A74-F88B-4D80-9680-3E28A8D6C4B9}.Debug|Any CPU.ActiveCfg = Debug|Any CPU
		{1B7B3A74-F88B-4D80-9680-3E28A8D6C4B9}.Debug|Any CPU.Build.0 = Debug|Any CPU
		{1B7B3A74-F88B-4D80-9680-3E28A8D6C4B9}.Release|Any CPU.ActiveCfg = Release|Any CPU
		{1B7B3A74-F88B-4D80-9680-3E28A8D6C4B9}.Release|Any CPU.Build.0 = Release|Any CPU
	EndGlobalSection
	GlobalSection(SolutionProperties) = preSolution
		HideSolutionNode = FALSE
	EndGlobalSection
	GlobalSection(ExtensibilityGlobals) = postSolution
		SolutionGuid = {63B9AEDD-B07B-41AB-90BE-F158F40A8122}
	EndGlobalSection
EndGlobal
